{
  "name": "pro1",
  "version": "0.0.0",
  "lockfileVersion": 1,
  "requires": true,
  "dependencies": {
    "@angular/animations": {
      "version": "7.0.3",
      "resolved": "https://registry.npmjs.org/@angular/animations/-/animations-7.0.3.tgz",
      "integrity": "sha512-jCRHlt+ghfSnP5a8HKr6R/Adc5Cq7i/mcYsn3V6M2QBpGFCVmy0ZWZa66QOhRaqler8u8EGi1PdoCCoGAZc4OA==",
      "requires": {
        "tslib": "1.9.3"
      }
    },
    "@angular/common": {
      "version": "7.0.3",
      "resolved": "https://registry.npmjs.org/@angular/common/-/common-7.0.3.tgz",
      "integrity": "sha512-aiuQh6+5kWFp34SYEtpnkAJWU3Qn17S/9LjWSZbgfiaYG6MyszepxqLZPBSBPTElxx2u5VoCPh97+TpKoDqx+g==",
      "requires": {
        "tslib": "1.9.3"
      }
    },
    "@angular/compiler": {
      "version": "7.0.3",
      "resolved": "https://registry.npmjs.org/@angular/compiler/-/compiler-7.0.3.tgz",
      "integrity": "sha512-1eF4PzWej9eoEQhHwuMxujx9B4oSjP70vORIs9pgXF8O4nWDWTKtfPQyNCPxc8mY+Fwb0+nSOEvvA+Ou8Hnreg==",
      "requires": {
        "tslib": "1.9.3"
      }
    },
    "@angular/core": {
      "version": "7.0.3",
      "resolved": "https://registry.npmjs.org/@angular/core/-/core-7.0.3.tgz",
      "integrity": "sha512-x/OYYykVsi2vrKlYQJ37I8HYAI/s/CtL3Sd9bl87F6AnqLWnnKIxQaofT/ShfAfdP44LQoN5BNp5j+sjs8K4Kg==",
      "requires": {
        "tslib": "1.9.3"
      }
    },
    "@angular/forms": {
      "version": "7.0.3",
      "resolved": "https://registry.npmjs.org/@angular/forms/-/forms-7.0.3.tgz",
      "integrity": "sha512-URbSpsNDQOg2NxmAt2FgeXIbEXvJS2yQwP02NLkHGqqCe38dpcifijj6HlUxeH14ZBkoqeTQjtSkXlMkgt22YA==",
      "requires": {
        "tslib": "1.9.3"
      }
    },
    "@angular/http": {
      "version": "7.0.3",
      "resolved": "https://registry.npmjs.org/@angular/http/-/http-7.0.3.tgz",
      "integrity": "sha512-aL+z1/tbVY8oJw5v46rbMli5vBGDVyJvs95d1l2n3hWnwMTzS9AVetjcL3B3uruAYuXoh4QlSJ+ysBgdmV1+IA==",
      "requires": {
        "tslib": "1.9.3"
      }
    },
    "@angular/platform-browser": {
      "version": "7.0.3",
      "resolved": "https://registry.npmjs.org/@angular/platform-browser/-/platform-browser-7.0.3.tgz",
      "integrity": "sha512-OKDGce2dYw9Fw8agpcSNJA+ecMMnMQCi9xoPHNIp1pYdvte7mUXKUvUzR7chqQ7b83d7SzVeEhqAZYa4BUwFRA==",
      "requires": {
        "tslib": "1.9.3"
      }
    },
    "@angular/platform-browser-dynamic": {
      "version": "7.0.3",
      "resolved": "https://registry.npmjs.org/@angular/platform-browser-dynamic/-/platform-browser-dynamic-7.0.3.tgz",
      "integrity": "sha512-hrdBtlkKyq2CZRY6z2RWFTcGF4n4MirM7EEzByEjlgiXSU+c4qHYb0a8z30qdCF1D/DZ6Md7cRRH+1uR/rCqxQ==",
      "requires": {
        "tslib": "1.9.3"
      }
    },
    "@angular/router": {
      "version": "7.0.3",
      "resolved": "https://registry.npmjs.org/@angular/router/-/router-7.0.3.tgz",
      "integrity": "sha512-885svORDpD9DkaMKjvGwn4g5bf0n3JR8os+gCNhzk0p4TPfpc+vmNo8SyY2jwdLMh2rQzrUQTDkn9SzzgiOfDQ==",
      "requires": {
        "tslib": "1.9.3"
      }
    },
    "core-js": {
      "version": "2.5.7",
      "resolved": "https://registry.npmjs.org/core-js/-/core-js-2.5.7.tgz",
      "integrity": "sha512-RszJCAxg/PP6uzXVXL6BsxSXx/B05oJAQ2vkJRjyjrEcNVycaqOmNb5OTxZPE3xa5gwZduqza6L9JOCenh/Ecw=="
    },
    "rxjs": {
      "version": "6.3.3",
      "resolved": "https://registry.npmjs.org/rxjs/-/rxjs-6.3.3.tgz",
      "integrity": "sha512-JTWmoY9tWCs7zvIk/CvRjhjGaOd+OVBM987mxFo+OW66cGpdKjZcpmc74ES1sB//7Kl/PAe8+wEakuhG4pcgOw==",
      "requires": {
        "tslib": "1.9.3"
      }
    },
    "tslib": {
      "version": "1.9.3",
      "resolved": "https://registry.npmjs.org/tslib/-/tslib-1.9.3.tgz",
      "integrity": "sha512-4krF8scpejhaOgqzBEcGM7yDIEfi0/8+8zDRZhNZZ2kjmHJ4hv3zCbQWxoJGz1iw5U0Jl0nma13xzHXcncMavQ=="
    },
    "zone.js": {
      "version": "0.8.26",
      "resolved": "https://registry.npmjs.org/zone.js/-/zone.js-0.8.26.tgz",
      "integrity": "sha512-W9Nj+UmBJG251wkCacIkETgra4QgBo/vgoEkb4a2uoLzpQG7qF9nzwoLXWU5xj3Fg2mxGvEDh47mg24vXccYjA=="
    }
  }
}
